github.com/davecgh/go-spew v1.1.1 h1:vj9j/u1bqnvCEfJOwUhtlOARqs3+rkHYY13jYWTU97c=
github.com/davecgh/go-spew v1.1.1/go.mod h1:J7Y8YcW2NihsgmVo/mv3lAwl/skON4iLHjSsI+c5H38=
github.com/golang-jwt/jwt v3.2.2+incompatible h1:IfV12K8xAKAnZqdXVzCZ+TOjboZ2keLg81eXfW3O+oY=
github.com/golang-jwt/jwt v3.2.2+incompatible/go.mod h1:8pz2t5EyA70fFQQSrl6XZXzqecmYZeUEB8OUGHkxJ+I=
github.com/haiyiyun/log v0.0.0-20250714021242-243291bf2f88 h1:K0c5SzBlwtvDLoRykKHetDJEDMPtBM4Je9Ox+k13YiA=
github.com/haiyiyun/log v0.0.0-20250714021242-243291bf2f88/go.mod h1:REISaucR2styQ62sk//GZEiv8pQNcOEkCjR0J/fG4bg=
github.com/haiyiyun/mongodb v0.0.0-20250714024937-af0b2494660a h1:X2BhbayWa7S+h0aNPlcr02UatqLE+07TNysSaMTxUN0=
github.com/haiyiyun/mongodb v0.0.0-20250714024937-af0b2494660a/go.mod h1:mJjQLEA/+cPpUhIrLRurEboKSPtM91+XSk3T7FpVAk8=
github.com/haiyiyun/plugins/user v0.0.0-20230120122813-2f699304561d h1:2DIt7nRaj2P/ClKNMQt7hMG2FKCMSIfSxFTIeMAFCTM=
github.com/haiyiyun/plugins/user v0.0.0-20230120122813-2f699304561d/go.mod h1:bzlZArHga1Sc9bpAeRwvgOh6seqjZCpDpvbsxkppwIo=
github.com/haiyiyun/uuid v0.0.0-20250714025316-0cd7ec9ae801 h1:wDEXb81l7Yutg1GGJ7O3SQgOiOIoc7KjkYPbRoUfFzY=
github.com/haiyiyun/uuid v0.0.0-20250714025316-0cd7ec9ae801/go.mod h1:HMZKdmFUjiCWhA92aiDGME/gwcX0viOEi6SdOMxMy5E=
github.com/haiyiyun/validator v1.1.2 h1:EumZl2skY4om4Kp0uhGIiWavSnugDlW4z9M/ok3trV0=
github.com/haiyiyun/validator v1.1.2/go.mod h1:0Z9DaWsG0fHIn0Wbt219sLSHUySdN3yO76VYxGr7ul0=
github.com/leodido/go-urn v1.4.0 h1:WT9HwE9SGECu3lg4d/dIA+jxlljEa1/ffXKmRjqdmIQ=
github.com/leodido/go-urn v1.4.0/go.mod h1:bvxc+MVxLKB4z00jd1z+Dvzr47oO32F/QSNjSBOlFxI=
github.com/pmezard/go-difflib v1.0.0 h1:4DBwDE0NGyQoBHbLQYPwSUPoCMWR5BEzIk/f1lZbAQM=
github.com/pmezard/go-difflib v1.0.0/go.mod h1:iKH77koFhYxTK1pcRnkKkqfTogsbg7gZNVY4sRDYZ/4=
github.com/robfig/cron/v3 v3.0.1 h1:WdRxkvbJztn8LMz/QEvLN5sBU+xKpSqwwUO1Pjr4qDs=
github.com/robfig/cron/v3 v3.0.1/go.mod h1:eQICP3HwyT7UooqI/z+Ov+PtYAWygg1TEWWzGIFLtro=
github.com/stretchr/testify v1.8.4 h1:CcVxjf3Q8PM0mHUKJCdn+eZZtm5yQwehR5yeSVQQcUk=
github.com/stretchr/testify v1.8.4/go.mod h1:sz/lmYIOXD/1dqDmKjjqLyZ2RngseejIcXlSw2iwfAo=
go.mongodb.org/mongo-driver v1.17.4 h1:jUorfmVzljjr0FLzYQsGP8cgN/qzzxlY9Vh0C9KFXVw=
go.mongodb.org/mongo-driver v1.17.4/go.mod h1:Hy04i7O2kC4RS06ZrhPRqj/u4DTYkFDAAccj+rVKqgQ=
golang.org/x/crypto v0.40.0 h1:r4x+VvoG5Fm+eJcxMaY8CQM7Lb0l1lsmjGBQ6s8BfKM=
golang.org/x/crypto v0.40.0/go.mod h1:Qr1vMER5WyS2dfPHAlsOj01wgLbsyWtFn/aY+5+ZdxY=
golang.org/x/sys v0.34.0 h1:H5Y5sJ2L2JRdyv7ROF1he/lPdvFsd0mJHFw2ThKHxLA=
golang.org/x/sys v0.34.0/go.mod h1:BJP2sWEmIv4KK5OTEluFJCKSidICx8ciO85XgH3Ak8k=
golang.org/x/text v0.27.0 h1:4fGWRpyh641NLlecmyl4LOe6yDdfaYNrGb2zdfo4JV4=
golang.org/x/text v0.27.0/go.mod h1:1D28KMCvyooCX9hBiosv5Tz/+YLxj0j7XhWjpSUF7CU=
gopkg.in/yaml.v3 v3.0.1 h1:fxVm/GzAzEWqLHuvctI91KS9hhNmmWOoWu0XTYJS7CA=
gopkg.in/yaml.v3 v3.0.1/go.mod h1:K4uyk7z7BCEPqu6E+C64Yfv1cQ7kz7rIZviUmN+EgEM=
